// !$*UTF8*$!
{
	archiveVersion = 1;
	classes = {
	};
	objectVersion = 46;
	objects = {

/* Begin PBXBuildFile section */
		584AB5161EB082AF008CCE70 /* main.m in Sources */ = {isa = PBXBuildFile; fileRef = 584AB5151EB082AF008CCE70 /* main.m */; };
		584AB5191EB082AF008CCE70 /* AppDelegate.m in Sources */ = {isa = PBXBuildFile; fileRef = 584AB5181EB082AF008CCE70 /* AppDelegate.m */; };
		584AB51C1EB082AF008CCE70 /* ViewController.m in Sources */ = {isa = PBXBuildFile; fileRef = 584AB51B1EB082AF008CCE70 /* ViewController.m */; };
		584AB51F1EB082AF008CCE70 /* Main.storyboard in Resources */ = {isa = PBXBuildFile; fileRef = 584AB51D1EB082AF008CCE70 /* Main.storyboard */; };
		584AB5211EB082AF008CCE70 /* Assets.xcassets in Resources */ = {isa = PBXBuildFile; fileRef = 584AB5201EB082AF008CCE70 /* Assets.xcassets */; };
		584AB5241EB082AF008CCE70 /* LaunchScreen.storyboard in Resources */ = {isa = PBXBuildFile; fileRef = 584AB5221EB082AF008CCE70 /* LaunchScreen.storyboard */; };
		584AB52D1EB083FB008CCE70 /* ZKTestViewController.m in Sources */ = {isa = PBXBuildFile; fileRef = 584AB52C1EB083FB008CCE70 /* ZKTestViewController.m */; };
/* End PBXBuildFile section */

/* Begin PBXFileReference section */
		584AB5111EB082AF008CCE70 /* ZKTestRebase.app */ = {isa = PBXFileReference; explicitFileType = wrapper.application; includeInIndex = 0; path = ZKTestRebase.app; sourceTree = BUILT_PRODUCTS_DIR; };
		584AB5151EB082AF008CCE70 /* main.m */ = {isa = PBXFileReference; lastKnownFileType = sourcecode.c.objc; path = main.m; sourceTree = "<group>"; };
		584AB5171EB082AF008CCE70 /* AppDelegate.h */ = {isa = PBXFileReference; lastKnownFileType = sourcecode.c.h; path = AppDelegate.h; sourceTree = "<group>"; };
		584AB5181EB082AF008CCE70 /* AppDelegate.m */ = {isa = PBXFileReference; lastKnownFileType = sourcecode.c.objc; path = AppDelegate.m; sourceTree = "<group>"; };
		584AB51A1EB082AF008CCE70 /* ViewController.h */ = {isa = PBXFileReference; lastKnownFileType = sourcecode.c.h; path = ViewController.h; sourceTree = "<group>"; };
		584AB51B1EB082AF008CCE70 /* ViewController.m */ = {isa = PBXFileReference; lastKnownFileType = sourcecode.c.objc; path = ViewController.m; sourceTree = "<group>"; };
		584AB51E1EB082AF008CCE70 /* Base */ = {isa = PBXFileReference; lastKnownFileType = file.storyboard; name = Base; path = Base.lproj/Main.storyboard; sourceTree = "<group>"; };
		584AB5201EB082AF008CCE70 /* Assets.xcassets */ = {isa = PBXFileReference; lastKnownFileType = folder.assetcatalog; path = Assets.xcassets; sourceTree = "<group>"; };
		584AB5231EB082AF008CCE70 /* Base */ = {isa = PBXFileReference; lastKnownFileType = file.storyboard; name = Base; path = Base.lproj/LaunchScreen.storyboard; sourceTree = "<group>"; };
		584AB5251EB082AF008CCE70 /* Info.plist */ = {isa = PBXFileReference; lastKnownFileType = text.plist.xml; path = Info.plist; sourceTree = "<group>"; };
		584AB52B1EB083FB008CCE70 /* ZKTestViewController.h */ = {isa = PBXFileReference; fileEncoding = 4; lastKnownFileType = sourcecode.c.h; path = ZKTestViewController.h; sourceTree = "<group>"; };
		584AB52C1EB083FB008CCE70 /* ZKTestViewController.m */ = {isa = PBXFileReference; fileEncoding = 4; lastKnownFileType = sourcecode.c.objc; path = ZKTestViewController.m; sourceTree = "<group>"; };
/* End PBXFileReference section */

/* Begin PBXFrameworksBuildPhase section */
		584AB50E1EB082AF008CCE70 /* Frameworks */ = {
			isa = PBXFrameworksBuildPhase;
			buildActionMask = 2147483647;
			files = (
			);
			runOnlyForDeploymentPostprocessing = 0;
		};
/* End PBXFrameworksBuildPhase section */

/* Begin PBXGroup section */
		584AB5081EB082AF008CCE70 = {
			isa = PBXGroup;
			children = (
				584AB5131EB082AF008CCE70 /* ZKTestRebase */,
				584AB5121EB082AF008CCE70 /* Products */,
			);
			sourceTree = "<group>";
		};
		584AB5121EB082AF008CCE70 /* Products */ = {
			isa = PBXGroup;
			children = (
				584AB5111EB082AF008CCE70 /* ZKTestRebase.app */,
			);
			name = Products;
			sourceTree = "<group>";
		};
		584AB5131EB082AF008CCE70 /* ZKTestRebase */ = {
			isa = PBXGroup;
			children = (
				584AB5171EB082AF008CCE70 /* AppDelegate.h */,
				584AB5181EB082AF008CCE70 /* AppDelegate.m */,
				584AB51A1EB082AF008CCE70 /* ViewController.h */,
				584AB51B1EB082AF008CCE70 /* ViewController.m */,
				584AB52B1EB083FB008CCE70 /* ZKTestViewController.h */,
				584AB52C1EB083FB008CCE70 /* ZKTestViewController.m */,
				584AB51D1EB082AF008CCE70 /* Main.storyboard */,
				584AB5201EB082AF008CCE70 /* Assets.xcassets */,
				584AB5221EB082AF008CCE70 /* LaunchScreen.storyboard */,
				584AB5251EB082AF008CCE70 /* Info.plist */,
				584AB5141EB082AF008CCE70 /* Supporting Files */,
			);
			path = ZKTestRebase;
			sourceTree = "<group>";
		};
		584AB5141EB082AF008CCE70 /* Supporting Files */ = {
			isa = PBXGroup;
			children = (
				584AB5151EB082AF008CCE70 /* main.m */,
			);
			name = "Supporting Files";
			sourceTree = "<group>";
		};
/* End PBXGroup section */

/* Begin PBXNativeTarget section */
		584AB5101EB082AF008CCE70 /* ZKTestRebase */ = {
			isa = PBXNativeTarget;
			buildConfigurationList = 584AB5281EB082AF008CCE70 /* Build configuration list for PBXNativeTarget "ZKTestRebase" */;
			buildPhases = (
				584AB50D1EB082AF008CCE70 /* Sources */,
				584AB50E1EB082AF008CCE70 /* Frameworks */,
				584AB50F1EB082AF008CCE70 /* Resources */,
			);
			buildRules = (
			);
			dependencies = (
			);
			name = ZKTestRebase;
			productName = ZKTestRebase;
			productReference = 584AB5111EB082AF008CCE70 /* ZKTestRebase.app */;
			productType = "com.apple.product-type.application";
		};
/* End PBXNativeTarget section */

/* Begin PBXProject section */
		584AB5091EB082AF008CCE70 /* Project object */ = {
			isa = PBXProject;
			attributes = {
				LastUpgradeCheck = 0830;
				ORGANIZATIONNAME = ZK;
				TargetAttributes = {
					584AB5101EB082AF008CCE70 = {
						CreatedOnToolsVersion = 8.3.2;
						DevelopmentTeam = 9S49W485R2;
						ProvisioningStyle = Automatic;
					};
				};
			};
			buildConfigurationList = 584AB50C1EB082AF008CCE70 /* Build configuration list for PBXProject "ZKTestRebase" */;
			compatibilityVersion = "Xcode 3.2";
			developmentRegion = English;
			hasScannedForEncodings = 0;
			knownRegions = (
				en,
				Base,
			);
			mainGroup = 584AB5081EB082AF008CCE70;
			productRefGroup = 584AB5121EB082AF008CCE70 /* Products */;
			projectDirPath = "";
			projectRoot = "";
			targets = (
				584AB5101EB082AF008CCE70 /* ZKTestRebase */,
			);
		};
/* End PBXProject section */

/* Begin PBXResourcesBuildPhase section */
		584AB50F1EB082AF008CCE70 /* Resources */ = {
			isa = PBXResourcesBuildPhase;
			buildActionMask = 2147483647;
			files = (
				584AB5241EB082AF008CCE70 /* LaunchScreen.storyboard in Resources */,
				584AB5211EB082AF008CCE70 /* Assets.xcassets in Resources */,
				584AB51F1EB082AF008CCE70 /* Main.storyboard in Resources */,
			);
			runOnlyForDeploymentPostprocessing = 0;
		};
/* End PBXResourcesBuildPhase section */

/* Begin PBXSourcesBuildPhase section */
		584AB50D1EB082AF008CCE70 /* Sources */ = {
			isa = PBXSourcesBuildPhase;
			buildActionMask = 2147483647;
			files = (
				584AB51C1EB082AF008CCE70 /* ViewController.m in Sources */,
				584AB52D1EB083FB008CCE70 /* ZKTestViewController.m in Sources */,
				584AB5191EB082AF008CCE70 /* AppDelegate.m in Sources */,
				584AB5161EB082AF008CCE70 /* main.m in Sources */,
			);
			runOnlyForDeploymentPostprocessing = 0;
		};
/* End PBXSourcesBuildPhase section */

/* Begin PBXVariantGroup section */
		584AB51D1EB082AF008CCE70 /* Main.storyboard */ = {
			isa = PBXVariantGroup;
			children = (
				584AB51E1EB082AF008CCE70 /* Base */,
			);
			name = Main.storyboard;
			sourceTree = "<group>";
		};
		584AB5221EB082AF008CCE70 /* LaunchScreen.storyboard */ = {
			isa = PBXVariantGroup;
			children = (
				584AB5231EB082AF008CCE70 /* Base */,
			);
			name = LaunchScreen.storyboard;
			sourceTree = "<group>";
		};
/* End PBXVariantGroup section */

/* Begin XCBuildConfiguration section */
		584AB5261EB082AF008CCE70 /* Debug */ = {
			isa = XCBuildConfiguration;
			buildSettings = {
				ALWAYS_SEARCH_USER_PATHS = NO;
				CLANG_ANALYZER_NONNULL = YES;
				CLANG_ANALYZER_NUMBER_OBJECT_CONVERSION = YES_AGGRESSIVE;
				CLANG_CXX_LANGUAGE_STANDARD = "gnu++0x";
				CLANG_CXX_LIBRARY = "libc++";
				CLANG_ENABLE_MODULES = YES;
				CLANG_ENABLE_OBJC_ARC = YES;
				CLANG_WARN_BOOL_CONVERSION = YES;
				CLANG_WARN_CONSTANT_CONVERSION = YES;
				CLANG_WARN_DIRECT_OBJC_ISA_USAGE = YES_ERROR;
				CLANG_WARN_DOCUMENTATION_COMMENTS = YES;
				CLANG_WARN_EMPTY_BODY = YES;
				CLANG_WARN_ENUM_CONVERSION = YES;
				CLANG_WARN_INFINITE_RECURSION = YES;
				CLANG_WARN_INT_CONVERSION = YES;
				CLANG_WARN_OBJC_ROOT_CLASS = YES_ERROR;
				CLANG_WARN_SUSPICIOUS_MOVE = YES;
				CLANG_WARN_UNREACHABLE_CODE = YES;
				CLANG_WARN__DUPLICATE_METHOD_MATCH = YES;
				"CODE_SIGN_IDENTITY[sdk=iphoneos*]" = "iPhone Developer";
				COPY_PHASE_STRIP = NO;
				DEBUG_INFORMATION_FORMAT = dwarf;
				ENABLE_STRICT_OBJC_MSGSEND = YES;
				ENABLE_TESTABILITY = YES;
				GCC_C_LANGUAGE_STANDARD = gnu99;
				GCC_DYNAMIC_NO_PIC = NO;
				GCC_NO_COMMON_BLOCKS = YES;
				GCC_OPTIMIZATION_LEVEL = 0;
				GCC_PREPROCESSOR_DEFINITIONS = (
					"DEBUG=1",
					"$(inherited)",
				);
				GCC_WARN_64_TO_32_BIT_CONVERSION = YES;
				GCC_WARN_ABOUT_RETURN_TYPE = YES_ERROR;
				GCC_WARN_UNDECLARED_SELECTOR = YES;
				GCC_WARN_UNINITIALIZED_AUTOS = YES_AGGRESSIVE;
				GCC_WARN_UNUSED_FUNCTION = YES;
				GCC_WARN_UNUSED_VARIABLE = YES;
				IPHONEOS_DEPLOYMENT_TARGET = 10.3;
				MTL_ENABLE_DEBUG_INFO = YES;
				ONLY_ACTIVE_ARCH = YES;
				SDKROOT = iphoneos;
				TARGETED_DEVICE_FAMILY = "1,2";
			};
			name = Debug;
		};
		584AB5271EB082AF008CCE70 /* Release */ = {
			isa = XCBuildConfiguration;
			buildSettings = {
				ALWAYS_SEARCH_USER_PATHS = NO;
				CLANG_ANALYZER_NONNULL = YES;
				CLANG_ANALYZER_NUMBER_OBJECT_CONVERSION = YES_AGGRESSIVE;
				CLANG_CXX_LANGUAGE_STANDARD = "gnu++0x";
				CLANG_CXX_LIBRARY = "libc++";
				CLANG_ENABLE_MODULES = YES;
				CLANG_ENABLE_OBJC_ARC = YES;
				CLANG_WARN_BOOL_CONVERSION = YES;
				CLANG_WARN_CONSTANT_CONVERSION = YES;
				CLANG_WARN_DIRECT_OBJC_ISA_USAGE = YES_ERROR;
				CLANG_WARN_DOCUMENTATION_COMMENTS = YES;
				CLANG_WARN_EMPTY_BODY = YES;
				CLANG_WARN_ENUM_CONVERSION = YES;
				CLANG_WARN_INFINITE_RECURSION = YES;
				CLANG_WARN_INT_CONVERSION = YES;
				CLANG_WARN_OBJC_ROOT_CLASS = YES_ERROR;
				CLANG_WARN_SUSPICIOUS_MOVE = YES;
				CLANG_WARN_UNREACHABLE_CODE = YES;
				CLANG_WARN__DUPLICATE_METHOD_MATCH = YES;
				"CODE_SIGN_IDENTITY[sdk=iphoneos*]" = "iPhone Developer";
				COPY_PHASE_STRIP = NO;
				DEBUG_INFORMATION_FORMAT = "dwarf-with-dsym";
				ENABLE_NS_ASSERTIONS = NO;
				ENABLE_STRICT_OBJC_MSGSEND = YES;
				GCC_C_LANGUAGE_STANDARD = gnu99;
				GCC_NO_COMMON_BLOCKS = YES;
				GCC_WARN_64_TO_32_BIT_CONVERSION = YES;
				GCC_WARN_ABOUT_RETURN_TYPE = YES_ERROR;
				GCC_WARN_UNDECLARED_SELECTOR = YES;
				GCC_WARN_UNINITIALIZED_AUTOS = YES_AGGRESSIVE;
				GCC_WARN_UNUSED_FUNCTION = YES;
				GCC_WARN_UNUSED_VARIABLE = YES;
				IPHONEOS_DEPLOYMENT_TARGET = 10.3;
				MTL_ENABLE_DEBUG_INFO = NO;
				SDKROOT = iphoneos;
				TARGETED_DEVICE_FAMILY = "1,2";
				VALIDATE_PRODUCT = YES;
			};
			name = Release;
		};
		584AB5291EB082AF008CCE70 /* Debug */ = {
			isa = XCBuildConfiguration;
			buildSettings = {
				ASSETCATALOG_COMPILER_APPICON_NAME = AppIcon;
				DEVELOPMENT_TEAM = 9S49W485R2;
				INFOPLIST_FILE = ZKTestRebase/Info.plist;
				LD_RUNPATH_SEARCH_PATHS = "$(inherited) @executable_path/Frameworks";
				PRODUCT_BUNDLE_IDENTIFIER = com.zk.rebasemaster;
				PRODUCT_NAME = "$(TARGET_NAME)";
			};
			name = Debug;
		};
		584AB52A1EB082AF008CCE70 /* Release */ = {
			isa = XCBuildConfiguration;
			buildSettings = {
				ASSETCATALOG_COMPILER_APPICON_NAME = AppIcon;
				DEVELOPMENT_TEAM = 9S49W485R2;
				INFOPLIST_FILE = ZKTestRebase/Info.plist;
				LD_RUNPATH_SEARCH_PATHS = "$(inherited) @executable_path/Frameworks";
				PRODUCT_BUNDLE_IDENTIFIER = com.zk.rebasemaster;
				PRODUCT_NAME = "$(TARGET_NAME)";
			};
			name = Release;
		};
/* End XCBuildConfiguration section */

/* Begin XCConfigurationList section */
		584AB50C1EB082AF008CCE70 /* Build configuration list for PBXProject "ZKTestRebase" */ = {
			isa = XCConfigurationList;
			buildConfigurations = (
				584AB5261EB082AF008CCE70 /* Debug */,
				584AB5271EB082AF008CCE70 /* Release */,
			);
			defaultConfigurationIsVisible = 0;
			defaultConfigurationName = Release;
		};
		584AB5281EB082AF008CCE70 /* Build configuration list for PBXNativeTarget "ZKTestRebase" */ = {
			isa = XCConfigurationList;
			buildConfigurations = (
				584AB5291EB082AF008CCE70 /* Debug */,
				584AB52A1EB082AF008CCE70 /* Release */,
			);
			defaultConfigurationIsVisible = 0;
			defaultConfigurationName = Release;
		};
/* End XCConfigurationList section */
	};
	rootObject = 584AB5091EB082AF008CCE70 /* Project object */;
}
